
Microsoft Visual Studio Solution File, Format Version 12.00
# Visual Studio Version 16
VisualStudioVersion = 16.0.29020.237
MinimumVisualStudioVersion = 10.0.40219.1
Project("{FAE04EC0-301F-11D3-BF4B-00C04F79EFBC}") = "Application.Client", "Application.Client\Application.Client.csproj", "{F335640E-8325-47BC-B61B-12B98E63C723}"
EndProject
Project("{FAE04EC0-301F-11D3-BF4B-00C04F79EFBC}") = "Application.Server", "Application.Server\Application.Server.csproj", "{DDE8353F-EC9C-4910-A7D6-632B830BA874}"
EndProject
Project("{FAE04EC0-301F-11D3-BF4B-00C04F79EFBC}") = "Application.Models", "Application.Models\Application.Models.csproj", "{50F2C707-713A-4000-9ED1-9670E91D41B1}"
EndProject
Global
	GlobalSection(SolutionConfigurationPlatforms) = preSolution
		Debug|Any CPU = Debug|Any CPU
		Release|Any CPU = Release|Any CPU
	EndGlobalSection
	GlobalSection(ProjectConfigurationPlatforms) = postSolution
		{F335640E-8325-47BC-B61B-12B98E63C723}.Debug|Any CPU.ActiveCfg = Debug|Any CPU
		{F335640E-8325-47BC-B61B-12B98E63C723}.Debug|Any CPU.Build.0 = Debug|Any CPU
		{F335640E-8325-47BC-B61B-12B98E63C723}.Release|Any CPU.ActiveCfg = Release|Any CPU
		{F335640E-8325-47BC-B61B-12B98E63C723}.Release|Any CPU.Build.0 = Release|Any CPU
		{DDE8353F-EC9C-4910-A7D6-632B830BA874}.Debug|Any CPU.ActiveCfg = Debug|Any CPU
		{DDE8353F-EC9C-4910-A7D6-632B830BA874}.Debug|Any CPU.Build.0 = Debug|Any CPU
		{DDE8353F-EC9C-4910-A7D6-632B830BA874}.Release|Any CPU.ActiveCfg = Release|Any CPU
		{DDE8353F-EC9C-4910-A7D6-632B830BA874}.Release|Any CPU.Build.0 = Release|Any CPU
		{50F2C707-713A-4000-9ED1-9670E91D41B1}.Debug|Any CPU.ActiveCfg = Debug|Any CPU
		{50F2C707-713A-4000-9ED1-9670E91D41B1}.Debug|Any CPU.Build.0 = Debug|Any CPU
		{50F2C707-713A-4000-9ED1-9670E91D41B1}.Release|Any CPU.ActiveCfg = Release|Any CPU
		{50F2C707-713A-4000-9ED1-9670E91D41B1}.Release|Any CPU.Build.0 = Release|Any CPU
	EndGlobalSection
	GlobalSection(SolutionProperties) = preSolution
		HideSolutionNode = FALSE
	EndGlobalSection
	GlobalSection(ExtensibilityGlobals) = postSolution
		SolutionGuid = {3B274C10-800E-4192-9335-FD8A9F658B46}
	EndGlobalSection
EndGlobal
