
Microsoft Visual Studio Solution File, Format Version 12.00
# Visual Studio Version 17
VisualStudioVersion = 17.0.31903.59
MinimumVisualStudioVersion = 10.0.40219.1
Project("{9A19103F-16F7-4668-BE54-9A1E7A4F7556}") = "Application.Web", "Application.Web\Application.Web.csproj", "{FCD1AB6F-3262-4071-A7CA-DBDEDE97025C}"
EndProject
Project("{2150E333-8FDC-42A3-9474-1A3956D46DE8}") = "Solution Items", "Solution Items", "{DC9A5334-BC67-443F-AC42-B650857090BE}"
	ProjectSection(SolutionItems) = preProject
		Directory.Build.props = Directory.Build.props
	EndProjectSection
EndProject
Project("{9A19103F-16F7-4668-BE54-9A1E7A4F7556}") = "Application.Web.SignalR.Hubs.ChatHub", "Application.Web.SignalR.Hubs.ChatHub\Application.Web.SignalR.Hubs.ChatHub.csproj", "{9C0F8661-C90D-4236-8D54-7D60616C56A5}"
EndProject
Project("{9A19103F-16F7-4668-BE54-9A1E7A4F7556}") = "App.Client.Wpf", "App.Client.Wpf\App.Client.Wpf.csproj", "{7436B4CF-FBFD-4D01-A21E-BBC1FC5E1255}"
EndProject
Project("{2150E333-8FDC-42A3-9474-1A3956D46DE8}") = "Application.Web", "Application.Web", "{B0314A75-4B67-42FD-B698-5C0257A18ED2}"
EndProject
Project("{2150E333-8FDC-42A3-9474-1A3956D46DE8}") = "Application.BusinessLogic", "Application.BusinessLogic", "{A6CBCE31-0623-4772-BFEE-8A5242619F86}"
EndProject
Project("{9A19103F-16F7-4668-BE54-9A1E7A4F7556}") = "Application.BusinessLogic.Core", "Application.BusinessLogic.Core\Application.BusinessLogic.Core.csproj", "{6492E9DA-291F-4985-9383-0C8D61608178}"
EndProject
Project("{2150E333-8FDC-42A3-9474-1A3956D46DE8}") = "Application.BusinessLogic.Modules", "Application.BusinessLogic.Modules", "{55AC2D46-B12F-4190-8A55-950C66CCFB4C}"
EndProject
Project("{9A19103F-16F7-4668-BE54-9A1E7A4F7556}") = "Application.BusinessLogic.Modules.UserManagement", "Application.BusinessLogic.Modules.UserManagement\Application.BusinessLogic.Modules.UserManagement.csproj", "{E1EE6F03-1ACE-413D-A46E-3E676C940FD9}"
EndProject
Project("{9A19103F-16F7-4668-BE54-9A1E7A4F7556}") = "Application.Web.SignalR.Hubs.Contracts.ChatHub", "Application.Web.SignalR.Hubs.Contracts.ChatHub\Application.Web.SignalR.Hubs.Contracts.ChatHub.csproj", "{65B0D26A-69FA-43A7-B8D4-C53F487730BF}"
EndProject
Project("{2150E333-8FDC-42A3-9474-1A3956D46DE8}") = "Application.Web.SignalR", "Application.Web.SignalR", "{59D44261-E957-496E-991C-AF772A1E0B51}"
EndProject
Project("{2150E333-8FDC-42A3-9474-1A3956D46DE8}") = "Application.Web.SignalR.Hubs", "Application.Web.SignalR.Hubs", "{CD5C1534-4C6D-497D-B3DD-71974908B909}"
EndProject
Project("{2150E333-8FDC-42A3-9474-1A3956D46DE8}") = "Application.Web.SignalR.Hubs.Contracts", "Application.Web.SignalR.Hubs.Contracts", "{D7935796-A022-45F2-BAE0-F12B958C7B42}"
EndProject
Project("{2150E333-8FDC-42A3-9474-1A3956D46DE8}") = "Application.Cache", "Application.Cache", "{57809575-8E19-4A01-95D8-E3C451E65E4E}"
EndProject
Project("{9A19103F-16F7-4668-BE54-9A1E7A4F7556}") = "Application.Cache.Core", "Application.Cache.Core\Application.Cache.Core.csproj", "{6F56E9B1-362E-4564-9F02-77F2348601C2}"
EndProject
Project("{9A19103F-16F7-4668-BE54-9A1E7A4F7556}") = "Application.Web.SignalR.Core", "Application.Web.SignalR.Core\Application.Web.SignalR.Core.csproj", "{0DBAF765-55C2-4DD9-BBE4-32F63C1FD2F3}"
EndProject
Project("{2150E333-8FDC-42A3-9474-1A3956D46DE8}") = "SullyTech", "SullyTech", "{490CAE43-E10E-45FA-BDC1-7D8B6EAEE6DA}"
EndProject
Project("{2150E333-8FDC-42A3-9474-1A3956D46DE8}") = "SullyTech.Guard", "SullyTech.Guard", "{4E61B1F8-D052-412D-98D4-7160DADF2968}"
EndProject
Project("{9A19103F-16F7-4668-BE54-9A1E7A4F7556}") = "SullyTech.Guard", "SullyTech.Guard\SullyTech.Guard.csproj", "{5F3549EC-930F-493E-8EC8-403A9672F057}"
EndProject
Project("{2150E333-8FDC-42A3-9474-1A3956D46DE8}") = "SullyTech.Extensions", "SullyTech.Extensions", "{7B15422E-64B4-4508-8D5A-B6BF3F4ED848}"
EndProject
Project("{2150E333-8FDC-42A3-9474-1A3956D46DE8}") = "SullyTech.Wpf", "SullyTech.Wpf", "{C9F18FD0-B9CB-4D6C-B49F-7ECC52947C48}"
EndProject
Project("{2150E333-8FDC-42A3-9474-1A3956D46DE8}") = "SullyTech.Wpf.Dialogs", "SullyTech.Wpf.Dialogs", "{793FD0A2-9EE7-429D-A0F3-E8692B72F7A4}"
EndProject
Project("{2150E333-8FDC-42A3-9474-1A3956D46DE8}") = "SullyTech.Wpf.Notifications", "SullyTech.Wpf.Notifications", "{9298AD9B-B8EF-4EF4-AC84-6AAC9AE9D331}"
EndProject
Project("{2150E333-8FDC-42A3-9474-1A3956D46DE8}") = "SullyTech.SignalR", "SullyTech.SignalR", "{BB4F7B29-24F1-4336-A3E8-0815FCD47763}"
EndProject
Project("{2150E333-8FDC-42A3-9474-1A3956D46DE8}") = "SullyTech.SignalR.Client", "SullyTech.SignalR.Client", "{341B1A69-4DA8-4F89-A52B-C1AE3F6A9036}"
EndProject
Project("{2150E333-8FDC-42A3-9474-1A3956D46DE8}") = "SullyTech.SignalR.Client.Core", "SullyTech.SignalR.Client.Core", "{1EDBAAAF-11F9-4C7C-93BF-CEADC6A00F6D}"
EndProject
Project("{2150E333-8FDC-42A3-9474-1A3956D46DE8}") = "SullyTech.SignalR.Client.Core.Hub", "SullyTech.SignalR.Client.Core.Hub", "{72B05101-4E26-4A89-8785-09DE50D59703}"
EndProject
Project("{2150E333-8FDC-42A3-9474-1A3956D46DE8}") = "SullyTech.SignalR.Client.Core.Hub.Configuration", "SullyTech.SignalR.Client.Core.Hub.Configuration", "{A68695B6-D1B1-4372-BEED-6686EBC36B8C}"
EndProject
Project("{9A19103F-16F7-4668-BE54-9A1E7A4F7556}") = "SullyTech.SignalR.Client.Core.Hub.Configuration", "SullyTech.SignalR.Client.Core.Hub.Configuration\SullyTech.SignalR.Client.Core.Hub.Configuration.csproj", "{C934C587-5198-4B1C-8FFA-1F0BA611B57E}"
EndProject
Project("{9A19103F-16F7-4668-BE54-9A1E7A4F7556}") = "SullyTech.SignalR.Client.Core.Hub", "SullyTech.SignalR.Client.Core.Hub\SullyTech.SignalR.Client.Core.Hub.csproj", "{2041897A-AD46-4796-8DE1-F4EC1B3E5B73}"
EndProject
Project("{2150E333-8FDC-42A3-9474-1A3956D46DE8}") = "SullyTech.Wpf.TraceListeners", "SullyTech.Wpf.TraceListeners", "{96F887CC-8BD7-4541-82E2-9D1AD9889FF4}"
EndProject
Project("{9A19103F-16F7-4668-BE54-9A1E7A4F7556}") = "App.Client.Wpf.Modules.Chat.Presenter.Chat.ViewModels.Interfaces", "App.Client.Wpf.Modules.Chat.Presenter.Chat.ViewModels.Interfaces\App.Client.Wpf.Modules.Chat.Presenter.Chat.ViewModels.Interfaces.csproj", "{0FFB5FF5-41AB-4B7C-A570-37157D0D6BE4}"
EndProject
Project("{9A19103F-16F7-4668-BE54-9A1E7A4F7556}") = "App.Client.Wpf.Modules.Chat.Presenter.Chat.ViewModels.Commands", "App.Client.Wpf.Modules.Chat.Presenter.Chat.ViewModels.Commands\App.Client.Wpf.Modules.Chat.Presenter.Chat.ViewModels.Commands.csproj", "{F82449A4-91F9-4BA9-AC4C-1F01062A3824}"
EndProject
Project("{9A19103F-16F7-4668-BE54-9A1E7A4F7556}") = "App.Client.Wpf.Modules.Chat.Presenter.Chat.ViewModels", "App.Client.Wpf.Modules.Chat.Presenter.Chat.ViewModels\App.Client.Wpf.Modules.Chat.Presenter.Chat.ViewModels.csproj", "{D92D0B7C-E74E-432A-AB34-10F4CA7BE28A}"
EndProject
Project("{9A19103F-16F7-4668-BE54-9A1E7A4F7556}") = "App.Client.SignalR.Hubs.Chat.Configuration", "App.Client.SignalR.Hubs.Chat.Configuration\App.Client.SignalR.Hubs.Chat.Configuration.csproj", "{0C491341-804A-4AB6-8F87-32308B76D6D8}"
EndProject
Project("{9A19103F-16F7-4668-BE54-9A1E7A4F7556}") = "App.Client.SignalR.Hubs.Chat", "App.Client.SignalR.Hubs.Chat\App.Client.SignalR.Hubs.Chat.csproj", "{A58A6580-59E8-4829-87C0-33561B4FC183}"
EndProject
Project("{2150E333-8FDC-42A3-9474-1A3956D46DE8}") = "SullyTech.Web.Api", "SullyTech.Web.Api", "{F46DF909-1D17-4721-B042-44B15A361EF5}"
EndProject
Project("{2150E333-8FDC-42A3-9474-1A3956D46DE8}") = "SullyTech.Web.Api.ExceptionHandling", "SullyTech.Web.Api.ExceptionHandling", "{FA99E584-5B08-4768-BF78-E2C564AFF921}"
EndProject
Project("{2150E333-8FDC-42A3-9474-1A3956D46DE8}") = "SullyTech.Web.Api.ExceptionHandling.Exceptions", "SullyTech.Web.Api.ExceptionHandling.Exceptions", "{1CE96917-C7BE-45C1-8AB8-F954AE684BD2}"
EndProject
Project("{9A19103F-16F7-4668-BE54-9A1E7A4F7556}") = "SullyTech.Web.Api.ExceptionHandling.Exceptions", "SullyTech.Web.Api.ExceptionHandling.Exceptions\SullyTech.Web.Api.ExceptionHandling.Exceptions.csproj", "{108681E6-F5F3-4232-905F-B3A80881FEBC}"
EndProject
Project("{2150E333-8FDC-42A3-9474-1A3956D46DE8}") = "SullyTech.Web.Api.ExceptionHandling.Middlewares", "SullyTech.Web.Api.ExceptionHandling.Middlewares", "{6F669C52-D9EE-4D77-BA6D-B6784119EE81}"
EndProject
Project("{2150E333-8FDC-42A3-9474-1A3956D46DE8}") = "SullyTech.Web.Api.ExceptionHandling.Middlewares", "SullyTech.Web.Api.ExceptionHandling.Middlewares", "{C1E9740C-0D03-4C73-B3B1-4269B402F354}"
EndProject
Project("{2150E333-8FDC-42A3-9474-1A3956D46DE8}") = "SullyTech.Web.Api.ExceptionHandling.Middlewares.ExceptionHandler", "SullyTech.Web.Api.ExceptionHandling.Middlewares.ExceptionHandler", "{8A9D5559-6A8C-4AC9-8414-6A85B262892D}"
EndProject
Project("{9A19103F-16F7-4668-BE54-9A1E7A4F7556}") = "SullyTech.Web.Api.ExceptionHandling.Middlewares.ExceptionHandler", "SullyTech.Web.Api.ExceptionHandling.Middlewares.ExceptionHandler\SullyTech.Web.Api.ExceptionHandling.Middlewares.ExceptionHandler.csproj", "{AB3C4820-45E5-40FE-9F1B-B0CC240C4E82}"
EndProject
Project("{2150E333-8FDC-42A3-9474-1A3956D46DE8}") = "SullyTech.Web.Api.ExceptionHandling.Middlewares.ExceptionHandler.Enums", "SullyTech.Web.Api.ExceptionHandling.Middlewares.ExceptionHandler.Enums", "{5365D56F-897A-4172-90C8-BB494406DB82}"
EndProject
Project("{9A19103F-16F7-4668-BE54-9A1E7A4F7556}") = "SullyTech.Web.Api.ExceptionHandling.Middlewares.ExceptionHandler.Enums", "SullyTech.Web.Api.ExceptionHandling.Middlewares.ExceptionHandler.Enums\SullyTech.Web.Api.ExceptionHandling.Middlewares.ExceptionHandler.Enums.csproj", "{625AB3A9-905B-4E0D-A25C-B3BF3D3BED9E}"
EndProject
Project("{2150E333-8FDC-42A3-9474-1A3956D46DE8}") = "SullyTech.Web.Api.ExceptionHandling.Middlewares.ExceptionHandler.Contracts", "SullyTech.Web.Api.ExceptionHandling.Middlewares.ExceptionHandler.Contracts", "{9154B175-CF2F-4832-8658-EE9480034F4B}"
EndProject
Project("{9A19103F-16F7-4668-BE54-9A1E7A4F7556}") = "SullyTech.Web.Api.ExceptionHandling.Middlewares.ExceptionHandler.Contracts", "SullyTech.Web.Api.ExceptionHandling.Middlewares.ExceptionHandler.Contracts\SullyTech.Web.Api.ExceptionHandling.Middlewares.ExceptionHandler.Contracts.csproj", "{3370B2F5-99B1-443F-9E6A-8B697C99C7DB}"
EndProject
Project("{2150E333-8FDC-42A3-9474-1A3956D46DE8}") = "SullyTech.Web.Api.Validation", "SullyTech.Web.Api.Validation", "{82FDDEBB-3578-4AD1-80A5-7E83B8CBD74F}"
EndProject
Project("{2150E333-8FDC-42A3-9474-1A3956D46DE8}") = "SullyTech.Web.Api.Validation.Fluent", "SullyTech.Web.Api.Validation.Fluent", "{D8AD38EF-1A92-461D-8D02-9112643C3B54}"
EndProject
Project("{2150E333-8FDC-42A3-9474-1A3956D46DE8}") = "SullyTech.Web.Api.Validation.Fluent.Filters", "SullyTech.Web.Api.Validation.Fluent.Filters", "{118544D6-D06D-4CD9-9A88-F8ECA6DCC77D}"
EndProject
Project("{9A19103F-16F7-4668-BE54-9A1E7A4F7556}") = "SullyTech.Web.Api.Validation.Fluent.Filters", "SullyTech.Web.Api.Validation.Fluent.Filters\SullyTech.Web.Api.Validation.Fluent.Filters.csproj", "{8CE49BA6-F6DD-44CB-AF94-A5560DB1C43F}"
EndProject
Project("{2150E333-8FDC-42A3-9474-1A3956D46DE8}") = "SullyTech.Web.Api.Validation.ModelState", "SullyTech.Web.Api.Validation.ModelState", "{2C5A9EFD-7E75-404B-966E-5501FAF54DDB}"
EndProject
Project("{2150E333-8FDC-42A3-9474-1A3956D46DE8}") = "SullyTech.Web.Api.Validation.ModelState.Filters", "SullyTech.Web.Api.Validation.ModelState.Filters", "{C8A6BDBB-A878-4CFF-B781-39843C2649C4}"
EndProject
Project("{9A19103F-16F7-4668-BE54-9A1E7A4F7556}") = "SullyTech.Web.Api.Validation.ModelState.Filters", "SullyTech.Web.Api.Validation.ModelState.Filters\SullyTech.Web.Api.Validation.ModelState.Filters.csproj", "{A3CA68D1-3E2A-41C3-9CB1-6B55DF549150}"
EndProject
Project("{2150E333-8FDC-42A3-9474-1A3956D46DE8}") = "SullyTech.Web.Api.Validation.Fluent.Validator", "SullyTech.Web.Api.Validation.Fluent.Validator", "{0DCE4A6A-573E-479C-8F9D-27AEB06A6261}"
EndProject
Project("{9A19103F-16F7-4668-BE54-9A1E7A4F7556}") = "SullyTech.Web.Api.Validation.Fluent.Validator", "SullyTech.Web.Api.Validation.Fluent.Validator\SullyTech.Web.Api.Validation.Fluent.Validator.csproj", "{4FABBB37-DFEF-4176-A4E1-4A2051837E97}"
EndProject
Project("{9A19103F-16F7-4668-BE54-9A1E7A4F7556}") = "SullyTech.Web.Api.Validation.Fluent", "SullyTech.Web.Api.Validation.Fluent\SullyTech.Web.Api.Validation.Fluent.csproj", "{041AE64D-9CD3-494A-99B6-0F8392CB1B54}"
EndProject
Project("{2150E333-8FDC-42A3-9474-1A3956D46DE8}") = "SullyTech.Wpf.Controls", "SullyTech.Wpf.Controls", "{67F78F0A-76E8-4C49-9DF8-954380BC7C05}"
EndProject
Project("{2150E333-8FDC-42A3-9474-1A3956D46DE8}") = "SullyTech.Wpf.Controls.Window", "SullyTech.Wpf.Controls.Window", "{29078DD9-CEB6-42E4-A8FA-7834341A79E4}"
EndProject
Project("{2150E333-8FDC-42A3-9474-1A3956D46DE8}") = "SullyTech.Wpf.Services", "SullyTech.Wpf.Services", "{0BB37B28-FE99-4598-9A24-CE866A2366BE}"
EndProject
Project("{2150E333-8FDC-42A3-9474-1A3956D46DE8}") = "App", "App", "{EB27C394-72AB-4577-8890-F65F4FC0290D}"
EndProject
Project("{2150E333-8FDC-42A3-9474-1A3956D46DE8}") = "App.Client", "App.Client", "{E3C1F8B8-DA4D-489A-96D3-4B044FBA7C6D}"
EndProject
Project("{2150E333-8FDC-42A3-9474-1A3956D46DE8}") = "App.Client.Wpf", "App.Client.Wpf", "{C103ECCB-5749-4970-9F68-4159E255492A}"
EndProject
Project("{2150E333-8FDC-42A3-9474-1A3956D46DE8}") = "App.Client.Wpf.Windows", "App.Client.Wpf.Windows", "{E01A0C79-0AC2-4089-829A-FD6BF1ED49BB}"
EndProject
Project("{2150E333-8FDC-42A3-9474-1A3956D46DE8}") = "App.Client.SignalR", "App.Client.SignalR", "{7051EC5E-1AF0-46EC-B529-C04916A88B3E}"
EndProject
Project("{2150E333-8FDC-42A3-9474-1A3956D46DE8}") = "App.Client.SignalR.Hubs", "App.Client.SignalR.Hubs", "{BF511B2A-A342-4BDF-9C30-A10B3FBB24F9}"
EndProject
Project("{2150E333-8FDC-42A3-9474-1A3956D46DE8}") = "App.Client.SignalR.Hubs.Chat", "App.Client.SignalR.Hubs.Chat", "{C13506AD-E489-4170-AB00-BF194DF5F243}"
EndProject
Project("{2150E333-8FDC-42A3-9474-1A3956D46DE8}") = "App.Client.SignalR.Hubs.Chat.Configuration", "App.Client.SignalR.Hubs.Chat.Configuration", "{9E9ACF68-CE80-4653-B771-9BE76D81F075}"
EndProject
Project("{2150E333-8FDC-42A3-9474-1A3956D46DE8}") = "App.Client.Wpf.Modules", "App.Client.Wpf.Modules", "{ECD507DD-EA61-4041-B056-8C0C88F3D459}"
EndProject
Project("{2150E333-8FDC-42A3-9474-1A3956D46DE8}") = "App.Client.Wpf.Modules.Chat", "App.Client.Wpf.Modules.Chat", "{3BB39504-5CE8-4045-8AAC-931C1DC8C158}"
EndProject
Project("{9A19103F-16F7-4668-BE54-9A1E7A4F7556}") = "App.Client.Wpf.Modules.Chat", "App.Client.Wpf.Modules.Chat\App.Client.Wpf.Modules.Chat.csproj", "{1E6D408A-8354-4197-9744-3E0BDF147295}"
EndProject
Project("{2150E333-8FDC-42A3-9474-1A3956D46DE8}") = "App.Client.Wpf.Modules.Chat.Presenter", "App.Client.Wpf.Modules.Chat.Presenter", "{DF282FB6-9753-417D-A25E-7928B9E01D04}"
EndProject
Project("{2150E333-8FDC-42A3-9474-1A3956D46DE8}") = "App.Client.Wpf.Modules.Chat.Presenter.Chat", "App.Client.Wpf.Modules.Chat.Presenter.Chat", "{ABB9F0F5-9007-4A9C-9E1D-805110702957}"
EndProject
Project("{9A19103F-16F7-4668-BE54-9A1E7A4F7556}") = "App.Client.Wpf.Modules.Chat.Presenter.Chat", "App.Client.Wpf.Modules.Chat.Presenter.Chat\App.Client.Wpf.Modules.Chat.Presenter.Chat.csproj", "{0A951380-5886-44C8-85AB-F29451AA9EBF}"
EndProject
Project("{9A19103F-16F7-4668-BE54-9A1E7A4F7556}") = "App.Client.Wpf.Modules.Chat.Presenter", "App.Client.Wpf.Modules.Chat.Presenter\App.Client.Wpf.Modules.Chat.Presenter.csproj", "{8C12FA0B-0005-4E5A-95DC-BC8AB14FB9D8}"
EndProject
Project("{2150E333-8FDC-42A3-9474-1A3956D46DE8}") = "App.Client.Wpf.Modules.Chat.Presenter.Chat.ViewModels", "App.Client.Wpf.Modules.Chat.Presenter.Chat.ViewModels", "{16EE3FA6-0C76-4BE7-A026-DDB825B08757}"
EndProject
Project("{2150E333-8FDC-42A3-9474-1A3956D46DE8}") = "App.Client.Wpf.Modules.Chat.Presenter.Chat.ViewModels.Commands", "App.Client.Wpf.Modules.Chat.Presenter.Chat.ViewModels.Commands", "{40FD9795-FC2C-44D2-B7BE-6A20C9C26378}"
EndProject
Project("{2150E333-8FDC-42A3-9474-1A3956D46DE8}") = "App.Client.Wpf.Modules.Chat.Presenter.Chat.ViewModels.Interfaces", "App.Client.Wpf.Modules.Chat.Presenter.Chat.ViewModels.Interfaces", "{4FAA0732-AE00-4A00-B29F-C396341A88E3}"
EndProject
Project("{2150E333-8FDC-42A3-9474-1A3956D46DE8}") = "App.Client.Wpf.Modules.Chat.Presenter.Chat.Interfaces", "App.Client.Wpf.Modules.Chat.Presenter.Chat.Interfaces", "{ACB733B7-4316-47EF-8BB2-50BF911C4978}"
EndProject
Project("{9A19103F-16F7-4668-BE54-9A1E7A4F7556}") = "App.Client.Wpf.Modules.Chat.Presenter.Chat.Interfaces", "App.Client.Wpf.Modules.Chat.Presenter.Chat.Interfaces\App.Client.Wpf.Modules.Chat.Presenter.Chat.Interfaces.csproj", "{B2AA5EAC-AC1D-4596-8461-74111C9C2A9C}"
EndProject
Project("{2150E333-8FDC-42A3-9474-1A3956D46DE8}") = "SullyTech.Web", "SullyTech.Web", "{080F1261-664E-40B3-BAAB-9188B9366F15}"
EndProject
Project("{2150E333-8FDC-42A3-9474-1A3956D46DE8}") = "SullyTech.Json", "SullyTech.Json", "{A2D26DBD-8DC9-4092-AE68-D753FB60B6D7}"
EndProject
Project("{9A19103F-16F7-4668-BE54-9A1E7A4F7556}") = "SullyTech.Json", "SullyTech.Json\SullyTech.Json.csproj", "{F7A2AD97-1748-4B14-BFB0-2324C822E9EF}"
EndProject
Project("{2150E333-8FDC-42A3-9474-1A3956D46DE8}") = "SullyTech.Web.Api.Contracts", "SullyTech.Web.Api.Contracts", "{BD9A2ED8-DAD5-457F-8993-72926DB6BA1D}"
EndProject
Project("{2150E333-8FDC-42A3-9474-1A3956D46DE8}") = "SullyTech.Web.Api.Contracts.Interfaces", "SullyTech.Web.Api.Contracts.Interfaces", "{2BE2DFE1-33B5-4DB9-8249-D6037AED711C}"
EndProject
Project("{9A19103F-16F7-4668-BE54-9A1E7A4F7556}") = "SullyTech.Web.Api.Contracts.Interfaces", "SullyTech.Web.Api.Contracts.Interfaces\SullyTech.Web.Api.Contracts.Interfaces.csproj", "{DB8E5324-C093-471A-B1C9-F908D961409C}"
EndProject
Project("{2150E333-8FDC-42A3-9474-1A3956D46DE8}") = "SullyTech.DateInfo", "SullyTech.DateInfo", "{2B0A8A67-7AC9-47F8-AE42-3259C2CA2802}"
EndProject
Project("{9A19103F-16F7-4668-BE54-9A1E7A4F7556}") = "SullyTech.DateInfo", "SullyTech.DateInfo\SullyTech.DateInfo.csproj", "{C9B75EBB-687A-4248-833D-BEAB159D7F4C}"
EndProject
Project("{2150E333-8FDC-42A3-9474-1A3956D46DE8}") = "SullyTech.Guid", "SullyTech.Guid", "{9C445140-AAF0-4E87-A054-D33B7DE1E032}"
EndProject
Project("{9A19103F-16F7-4668-BE54-9A1E7A4F7556}") = "SullyTech.Guid", "SullyTech.Guid\SullyTech.Guid.csproj", "{0011E70A-9592-4644-9705-D685B2AE7225}"
EndProject
Project("{2150E333-8FDC-42A3-9474-1A3956D46DE8}") = "SullyTech.Cqrs", "SullyTech.Cqrs", "{D5D2E669-756D-4D01-8B81-AE003945EA49}"
EndProject
Project("{9A19103F-16F7-4668-BE54-9A1E7A4F7556}") = "SullyTech.Cqrs", "SullyTech.Cqrs\SullyTech.Cqrs.csproj", "{5A9A0008-F6EC-4107-8F96-A38960FD6E9C}"
EndProject
Project("{2150E333-8FDC-42A3-9474-1A3956D46DE8}") = "SullyTech.Wpf.Controls.Presenter", "SullyTech.Wpf.Controls.Presenter", "{BD8EAFF3-C8EA-49B4-9E8D-980EB7C7B3D9}"
EndProject
Project("{9A19103F-16F7-4668-BE54-9A1E7A4F7556}") = "SullyTech.Wpf.Controls.Presenter.Core", "SullyTech.Wpf.Controls.Presenter.Core\SullyTech.Wpf.Controls.Presenter.Core.csproj", "{34977972-6AD2-46FC-B536-710749BE40F4}"
EndProject
Project("{9A19103F-16F7-4668-BE54-9A1E7A4F7556}") = "SullyTech.Wpf.Controls.Window.Core", "SullyTech.Wpf.Controls.Window.Core\SullyTech.Wpf.Controls.Window.Core.csproj", "{B1FCAABB-8432-44FA-8E1C-4898767F0722}"
EndProject
Project("{9A19103F-16F7-4668-BE54-9A1E7A4F7556}") = "SullyTech.Wpf.Controls.Window.Dialog.Core", "SullyTech.Wpf.Controls.Window.Dialog.Core\SullyTech.Wpf.Controls.Window.Dialog.Core.csproj", "{32BD2340-D320-41AB-9676-77EA48948300}"
EndProject
Project("{9A19103F-16F7-4668-BE54-9A1E7A4F7556}") = "SullyTech.Wpf.Controls.Window.Standard.Core", "SullyTech.Wpf.Controls.Window.Standard.Core\SullyTech.Wpf.Controls.Window.Standard.Core.csproj", "{0F429C65-A8B1-465E-8CD1-6FBCB67131D7}"
EndProject
Project("{2150E333-8FDC-42A3-9474-1A3956D46DE8}") = "SullyTech.Wpf.Controls.Window.Dialog", "SullyTech.Wpf.Controls.Window.Dialog", "{F7C0222B-6775-4AF1-8CF4-FF980CB7C14E}"
EndProject
Project("{2150E333-8FDC-42A3-9474-1A3956D46DE8}") = "SullyTech.Wpf.Controls.Window.Standard", "SullyTech.Wpf.Controls.Window.Standard", "{583448AB-F7B9-4FB5-B716-9870A23B6244}"
EndProject
Project("{2150E333-8FDC-42A3-9474-1A3956D46DE8}") = "SullyTech.Wpf.Providers", "SullyTech.Wpf.Providers", "{193FAD93-DA41-4879-928A-5959ADBFDADA}"
EndProject
Project("{9A19103F-16F7-4668-BE54-9A1E7A4F7556}") = "SullyTech.Wpf.Providers", "SullyTech.Wpf.Providers\SullyTech.Wpf.Providers.csproj", "{37262214-E1D1-4D8E-A97D-AB56D56AD7F5}"
EndProject
Project("{9A19103F-16F7-4668-BE54-9A1E7A4F7556}") = "SullyTech.Wpf.Services", "SullyTech.Wpf.Services\SullyTech.Wpf.Services.csproj", "{8256303D-A6C2-453B-99B7-13A92FF51614}"
EndProject
Project("{9A19103F-16F7-4668-BE54-9A1E7A4F7556}") = "SullyTech.Wpf.Controls.Window.Standard.Services", "SullyTech.Wpf.Controls.Window.Standard.Services\SullyTech.Wpf.Controls.Window.Standard.Services.csproj", "{6FA4F36A-0A43-4660-A131-13CF41742504}"
EndProject
Project("{9A19103F-16F7-4668-BE54-9A1E7A4F7556}") = "SullyTech.Wpf.Controls.Window.Dialog.Services", "SullyTech.Wpf.Controls.Window.Dialog.Services\SullyTech.Wpf.Controls.Window.Dialog.Services.csproj", "{89BAA671-97AB-46D7-B881-BCD583E60A8A}"
EndProject
Project("{9A19103F-16F7-4668-BE54-9A1E7A4F7556}") = "SullyTech.Wpf.Notifications", "SullyTech.Wpf.Notifications\SullyTech.Wpf.Notifications.csproj", "{F2E1E7D5-21D9-4471-914F-DB9EA9B143FA}"
EndProject
Project("{9A19103F-16F7-4668-BE54-9A1E7A4F7556}") = "SullyTech.Wpf.TraceListeners", "SullyTech.Wpf.TraceListeners\SullyTech.Wpf.TraceListeners.csproj", "{42B070A1-3F5E-4F81-876A-A70F0F30954E}"
EndProject
Project("{9A19103F-16F7-4668-BE54-9A1E7A4F7556}") = "SullyTech.Extensions", "SullyTech.Extensions\SullyTech.Extensions.csproj", "{A81987DB-9E08-4728-AAF6-C98332501962}"
EndProject
Project("{9A19103F-16F7-4668-BE54-9A1E7A4F7556}") = "SullyTech.Wpf.Dialogs", "SullyTech.Wpf.Dialogs\SullyTech.Wpf.Dialogs.csproj", "{AFE8BEC1-7B74-4FD0-B2C6-A2B55CBD9CCC}"
EndProject
Project("{FAE04EC0-301F-11D3-BF4B-00C04F79EFBC}") = "App.Client.Wpf.Windows", "App.Client.Wpf.Windows\App.Client.Wpf.Windows.csproj", "{029F9409-3C8D-47A5-9130-51E9F59AA703}"
EndProject
Project("{FAE04EC0-301F-11D3-BF4B-00C04F79EFBC}") = "App.Client.Wpf.Modules", "App.Client.Wpf.Modules\App.Client.Wpf.Modules.csproj", "{3F4F3964-107C-47E0-8D61-8C3A4C58BF46}"
EndProject
Global
	GlobalSection(SolutionConfigurationPlatforms) = preSolution
		Debug|Any CPU = Debug|Any CPU
		Release|Any CPU = Release|Any CPU
	EndGlobalSection
	GlobalSection(ProjectConfigurationPlatforms) = postSolution
		{FCD1AB6F-3262-4071-A7CA-DBDEDE97025C}.Debug|Any CPU.ActiveCfg = Debug|Any CPU
		{FCD1AB6F-3262-4071-A7CA-DBDEDE97025C}.Debug|Any CPU.Build.0 = Debug|Any CPU
		{FCD1AB6F-3262-4071-A7CA-DBDEDE97025C}.Release|Any CPU.ActiveCfg = Release|Any CPU
		{FCD1AB6F-3262-4071-A7CA-DBDEDE97025C}.Release|Any CPU.Build.0 = Release|Any CPU
		{9C0F8661-C90D-4236-8D54-7D60616C56A5}.Debug|Any CPU.ActiveCfg = Debug|Any CPU
		{9C0F8661-C90D-4236-8D54-7D60616C56A5}.Debug|Any CPU.Build.0 = Debug|Any CPU
		{9C0F8661-C90D-4236-8D54-7D60616C56A5}.Release|Any CPU.ActiveCfg = Release|Any CPU
		{9C0F8661-C90D-4236-8D54-7D60616C56A5}.Release|Any CPU.Build.0 = Release|Any CPU
		{7436B4CF-FBFD-4D01-A21E-BBC1FC5E1255}.Debug|Any CPU.ActiveCfg = Debug|Any CPU
		{7436B4CF-FBFD-4D01-A21E-BBC1FC5E1255}.Debug|Any CPU.Build.0 = Debug|Any CPU
		{7436B4CF-FBFD-4D01-A21E-BBC1FC5E1255}.Release|Any CPU.ActiveCfg = Release|Any CPU
		{7436B4CF-FBFD-4D01-A21E-BBC1FC5E1255}.Release|Any CPU.Build.0 = Release|Any CPU
		{6492E9DA-291F-4985-9383-0C8D61608178}.Debug|Any CPU.ActiveCfg = Debug|Any CPU
		{6492E9DA-291F-4985-9383-0C8D61608178}.Debug|Any CPU.Build.0 = Debug|Any CPU
		{6492E9DA-291F-4985-9383-0C8D61608178}.Release|Any CPU.ActiveCfg = Release|Any CPU
		{6492E9DA-291F-4985-9383-0C8D61608178}.Release|Any CPU.Build.0 = Release|Any CPU
		{E1EE6F03-1ACE-413D-A46E-3E676C940FD9}.Debug|Any CPU.ActiveCfg = Debug|Any CPU
		{E1EE6F03-1ACE-413D-A46E-3E676C940FD9}.Debug|Any CPU.Build.0 = Debug|Any CPU
		{E1EE6F03-1ACE-413D-A46E-3E676C940FD9}.Release|Any CPU.ActiveCfg = Release|Any CPU
		{E1EE6F03-1ACE-413D-A46E-3E676C940FD9}.Release|Any CPU.Build.0 = Release|Any CPU
		{65B0D26A-69FA-43A7-B8D4-C53F487730BF}.Debug|Any CPU.ActiveCfg = Debug|Any CPU
		{65B0D26A-69FA-43A7-B8D4-C53F487730BF}.Debug|Any CPU.Build.0 = Debug|Any CPU
		{65B0D26A-69FA-43A7-B8D4-C53F487730BF}.Release|Any CPU.ActiveCfg = Release|Any CPU
		{65B0D26A-69FA-43A7-B8D4-C53F487730BF}.Release|Any CPU.Build.0 = Release|Any CPU
		{6F56E9B1-362E-4564-9F02-77F2348601C2}.Debug|Any CPU.ActiveCfg = Debug|Any CPU
		{6F56E9B1-362E-4564-9F02-77F2348601C2}.Debug|Any CPU.Build.0 = Debug|Any CPU
		{6F56E9B1-362E-4564-9F02-77F2348601C2}.Release|Any CPU.ActiveCfg = Release|Any CPU
		{6F56E9B1-362E-4564-9F02-77F2348601C2}.Release|Any CPU.Build.0 = Release|Any CPU
		{0DBAF765-55C2-4DD9-BBE4-32F63C1FD2F3}.Debug|Any CPU.ActiveCfg = Debug|Any CPU
		{0DBAF765-55C2-4DD9-BBE4-32F63C1FD2F3}.Debug|Any CPU.Build.0 = Debug|Any CPU
		{0DBAF765-55C2-4DD9-BBE4-32F63C1FD2F3}.Release|Any CPU.ActiveCfg = Release|Any CPU
		{0DBAF765-55C2-4DD9-BBE4-32F63C1FD2F3}.Release|Any CPU.Build.0 = Release|Any CPU
		{5F3549EC-930F-493E-8EC8-403A9672F057}.Debug|Any CPU.ActiveCfg = Debug|Any CPU
		{5F3549EC-930F-493E-8EC8-403A9672F057}.Debug|Any CPU.Build.0 = Debug|Any CPU
		{5F3549EC-930F-493E-8EC8-403A9672F057}.Release|Any CPU.ActiveCfg = Release|Any CPU
		{5F3549EC-930F-493E-8EC8-403A9672F057}.Release|Any CPU.Build.0 = Release|Any CPU
		{C934C587-5198-4B1C-8FFA-1F0BA611B57E}.Debug|Any CPU.ActiveCfg = Debug|Any CPU
		{C934C587-5198-4B1C-8FFA-1F0BA611B57E}.Debug|Any CPU.Build.0 = Debug|Any CPU
		{C934C587-5198-4B1C-8FFA-1F0BA611B57E}.Release|Any CPU.ActiveCfg = Release|Any CPU
		{C934C587-5198-4B1C-8FFA-1F0BA611B57E}.Release|Any CPU.Build.0 = Release|Any CPU
		{2041897A-AD46-4796-8DE1-F4EC1B3E5B73}.Debug|Any CPU.ActiveCfg = Debug|Any CPU
		{2041897A-AD46-4796-8DE1-F4EC1B3E5B73}.Debug|Any CPU.Build.0 = Debug|Any CPU
		{2041897A-AD46-4796-8DE1-F4EC1B3E5B73}.Release|Any CPU.ActiveCfg = Release|Any CPU
		{2041897A-AD46-4796-8DE1-F4EC1B3E5B73}.Release|Any CPU.Build.0 = Release|Any CPU
		{0FFB5FF5-41AB-4B7C-A570-37157D0D6BE4}.Debug|Any CPU.ActiveCfg = Debug|Any CPU
		{0FFB5FF5-41AB-4B7C-A570-37157D0D6BE4}.Debug|Any CPU.Build.0 = Debug|Any CPU
		{0FFB5FF5-41AB-4B7C-A570-37157D0D6BE4}.Release|Any CPU.ActiveCfg = Release|Any CPU
		{0FFB5FF5-41AB-4B7C-A570-37157D0D6BE4}.Release|Any CPU.Build.0 = Release|Any CPU
		{F82449A4-91F9-4BA9-AC4C-1F01062A3824}.Debug|Any CPU.ActiveCfg = Debug|Any CPU
		{F82449A4-91F9-4BA9-AC4C-1F01062A3824}.Debug|Any CPU.Build.0 = Debug|Any CPU
		{F82449A4-91F9-4BA9-AC4C-1F01062A3824}.Release|Any CPU.ActiveCfg = Release|Any CPU
		{F82449A4-91F9-4BA9-AC4C-1F01062A3824}.Release|Any CPU.Build.0 = Release|Any CPU
		{D92D0B7C-E74E-432A-AB34-10F4CA7BE28A}.Debug|Any CPU.ActiveCfg = Debug|Any CPU
		{D92D0B7C-E74E-432A-AB34-10F4CA7BE28A}.Debug|Any CPU.Build.0 = Debug|Any CPU
		{D92D0B7C-E74E-432A-AB34-10F4CA7BE28A}.Release|Any CPU.ActiveCfg = Release|Any CPU
		{D92D0B7C-E74E-432A-AB34-10F4CA7BE28A}.Release|Any CPU.Build.0 = Release|Any CPU
		{0C491341-804A-4AB6-8F87-32308B76D6D8}.Debug|Any CPU.ActiveCfg = Debug|Any CPU
		{0C491341-804A-4AB6-8F87-32308B76D6D8}.Debug|Any CPU.Build.0 = Debug|Any CPU
		{0C491341-804A-4AB6-8F87-32308B76D6D8}.Release|Any CPU.ActiveCfg = Release|Any CPU
		{0C491341-804A-4AB6-8F87-32308B76D6D8}.Release|Any CPU.Build.0 = Release|Any CPU
		{A58A6580-59E8-4829-87C0-33561B4FC183}.Debug|Any CPU.ActiveCfg = Debug|Any CPU
		{A58A6580-59E8-4829-87C0-33561B4FC183}.Debug|Any CPU.Build.0 = Debug|Any CPU
		{A58A6580-59E8-4829-87C0-33561B4FC183}.Release|Any CPU.ActiveCfg = Release|Any CPU
		{A58A6580-59E8-4829-87C0-33561B4FC183}.Release|Any CPU.Build.0 = Release|Any CPU
		{108681E6-F5F3-4232-905F-B3A80881FEBC}.Debug|Any CPU.ActiveCfg = Debug|Any CPU
		{108681E6-F5F3-4232-905F-B3A80881FEBC}.Debug|Any CPU.Build.0 = Debug|Any CPU
		{108681E6-F5F3-4232-905F-B3A80881FEBC}.Release|Any CPU.ActiveCfg = Release|Any CPU
		{108681E6-F5F3-4232-905F-B3A80881FEBC}.Release|Any CPU.Build.0 = Release|Any CPU
		{AB3C4820-45E5-40FE-9F1B-B0CC240C4E82}.Debug|Any CPU.ActiveCfg = Debug|Any CPU
		{AB3C4820-45E5-40FE-9F1B-B0CC240C4E82}.Debug|Any CPU.Build.0 = Debug|Any CPU
		{AB3C4820-45E5-40FE-9F1B-B0CC240C4E82}.Release|Any CPU.ActiveCfg = Release|Any CPU
		{AB3C4820-45E5-40FE-9F1B-B0CC240C4E82}.Release|Any CPU.Build.0 = Release|Any CPU
		{625AB3A9-905B-4E0D-A25C-B3BF3D3BED9E}.Debug|Any CPU.ActiveCfg = Debug|Any CPU
		{625AB3A9-905B-4E0D-A25C-B3BF3D3BED9E}.Debug|Any CPU.Build.0 = Debug|Any CPU
		{625AB3A9-905B-4E0D-A25C-B3BF3D3BED9E}.Release|Any CPU.ActiveCfg = Release|Any CPU
		{625AB3A9-905B-4E0D-A25C-B3BF3D3BED9E}.Release|Any CPU.Build.0 = Release|Any CPU
		{3370B2F5-99B1-443F-9E6A-8B697C99C7DB}.Debug|Any CPU.ActiveCfg = Debug|Any CPU
		{3370B2F5-99B1-443F-9E6A-8B697C99C7DB}.Debug|Any CPU.Build.0 = Debug|Any CPU
		{3370B2F5-99B1-443F-9E6A-8B697C99C7DB}.Release|Any CPU.ActiveCfg = Release|Any CPU
		{3370B2F5-99B1-443F-9E6A-8B697C99C7DB}.Release|Any CPU.Build.0 = Release|Any CPU
		{8CE49BA6-F6DD-44CB-AF94-A5560DB1C43F}.Debug|Any CPU.ActiveCfg = Debug|Any CPU
		{8CE49BA6-F6DD-44CB-AF94-A5560DB1C43F}.Debug|Any CPU.Build.0 = Debug|Any CPU
		{8CE49BA6-F6DD-44CB-AF94-A5560DB1C43F}.Release|Any CPU.ActiveCfg = Release|Any CPU
		{8CE49BA6-F6DD-44CB-AF94-A5560DB1C43F}.Release|Any CPU.Build.0 = Release|Any CPU
		{A3CA68D1-3E2A-41C3-9CB1-6B55DF549150}.Debug|Any CPU.ActiveCfg = Debug|Any CPU
		{A3CA68D1-3E2A-41C3-9CB1-6B55DF549150}.Debug|Any CPU.Build.0 = Debug|Any CPU
		{A3CA68D1-3E2A-41C3-9CB1-6B55DF549150}.Release|Any CPU.ActiveCfg = Release|Any CPU
		{A3CA68D1-3E2A-41C3-9CB1-6B55DF549150}.Release|Any CPU.Build.0 = Release|Any CPU
		{4FABBB37-DFEF-4176-A4E1-4A2051837E97}.Debug|Any CPU.ActiveCfg = Debug|Any CPU
		{4FABBB37-DFEF-4176-A4E1-4A2051837E97}.Debug|Any CPU.Build.0 = Debug|Any CPU
		{4FABBB37-DFEF-4176-A4E1-4A2051837E97}.Release|Any CPU.ActiveCfg = Release|Any CPU
		{4FABBB37-DFEF-4176-A4E1-4A2051837E97}.Release|Any CPU.Build.0 = Release|Any CPU
		{041AE64D-9CD3-494A-99B6-0F8392CB1B54}.Debug|Any CPU.ActiveCfg = Debug|Any CPU
		{041AE64D-9CD3-494A-99B6-0F8392CB1B54}.Debug|Any CPU.Build.0 = Debug|Any CPU
		{041AE64D-9CD3-494A-99B6-0F8392CB1B54}.Release|Any CPU.ActiveCfg = Release|Any CPU
		{041AE64D-9CD3-494A-99B6-0F8392CB1B54}.Release|Any CPU.Build.0 = Release|Any CPU
		{1E6D408A-8354-4197-9744-3E0BDF147295}.Debug|Any CPU.ActiveCfg = Debug|Any CPU
		{1E6D408A-8354-4197-9744-3E0BDF147295}.Debug|Any CPU.Build.0 = Debug|Any CPU
		{1E6D408A-8354-4197-9744-3E0BDF147295}.Release|Any CPU.ActiveCfg = Release|Any CPU
		{1E6D408A-8354-4197-9744-3E0BDF147295}.Release|Any CPU.Build.0 = Release|Any CPU
		{0A951380-5886-44C8-85AB-F29451AA9EBF}.Debug|Any CPU.ActiveCfg = Debug|Any CPU
		{0A951380-5886-44C8-85AB-F29451AA9EBF}.Debug|Any CPU.Build.0 = Debug|Any CPU
		{0A951380-5886-44C8-85AB-F29451AA9EBF}.Release|Any CPU.ActiveCfg = Release|Any CPU
		{0A951380-5886-44C8-85AB-F29451AA9EBF}.Release|Any CPU.Build.0 = Release|Any CPU
		{8C12FA0B-0005-4E5A-95DC-BC8AB14FB9D8}.Debug|Any CPU.ActiveCfg = Debug|Any CPU
		{8C12FA0B-0005-4E5A-95DC-BC8AB14FB9D8}.Debug|Any CPU.Build.0 = Debug|Any CPU
		{8C12FA0B-0005-4E5A-95DC-BC8AB14FB9D8}.Release|Any CPU.ActiveCfg = Release|Any CPU
		{8C12FA0B-0005-4E5A-95DC-BC8AB14FB9D8}.Release|Any CPU.Build.0 = Release|Any CPU
		{B2AA5EAC-AC1D-4596-8461-74111C9C2A9C}.Debug|Any CPU.ActiveCfg = Debug|Any CPU
		{B2AA5EAC-AC1D-4596-8461-74111C9C2A9C}.Debug|Any CPU.Build.0 = Debug|Any CPU
		{B2AA5EAC-AC1D-4596-8461-74111C9C2A9C}.Release|Any CPU.ActiveCfg = Release|Any CPU
		{B2AA5EAC-AC1D-4596-8461-74111C9C2A9C}.Release|Any CPU.Build.0 = Release|Any CPU
		{F7A2AD97-1748-4B14-BFB0-2324C822E9EF}.Debug|Any CPU.ActiveCfg = Debug|Any CPU
		{F7A2AD97-1748-4B14-BFB0-2324C822E9EF}.Debug|Any CPU.Build.0 = Debug|Any CPU
		{F7A2AD97-1748-4B14-BFB0-2324C822E9EF}.Release|Any CPU.ActiveCfg = Release|Any CPU
		{F7A2AD97-1748-4B14-BFB0-2324C822E9EF}.Release|Any CPU.Build.0 = Release|Any CPU
		{DB8E5324-C093-471A-B1C9-F908D961409C}.Debug|Any CPU.ActiveCfg = Debug|Any CPU
		{DB8E5324-C093-471A-B1C9-F908D961409C}.Debug|Any CPU.Build.0 = Debug|Any CPU
		{DB8E5324-C093-471A-B1C9-F908D961409C}.Release|Any CPU.ActiveCfg = Release|Any CPU
		{DB8E5324-C093-471A-B1C9-F908D961409C}.Release|Any CPU.Build.0 = Release|Any CPU
		{C9B75EBB-687A-4248-833D-BEAB159D7F4C}.Debug|Any CPU.ActiveCfg = Debug|Any CPU
		{C9B75EBB-687A-4248-833D-BEAB159D7F4C}.Debug|Any CPU.Build.0 = Debug|Any CPU
		{C9B75EBB-687A-4248-833D-BEAB159D7F4C}.Release|Any CPU.ActiveCfg = Release|Any CPU
		{C9B75EBB-687A-4248-833D-BEAB159D7F4C}.Release|Any CPU.Build.0 = Release|Any CPU
		{0011E70A-9592-4644-9705-D685B2AE7225}.Debug|Any CPU.ActiveCfg = Debug|Any CPU
		{0011E70A-9592-4644-9705-D685B2AE7225}.Debug|Any CPU.Build.0 = Debug|Any CPU
		{0011E70A-9592-4644-9705-D685B2AE7225}.Release|Any CPU.ActiveCfg = Release|Any CPU
		{0011E70A-9592-4644-9705-D685B2AE7225}.Release|Any CPU.Build.0 = Release|Any CPU
		{5A9A0008-F6EC-4107-8F96-A38960FD6E9C}.Debug|Any CPU.ActiveCfg = Debug|Any CPU
		{5A9A0008-F6EC-4107-8F96-A38960FD6E9C}.Debug|Any CPU.Build.0 = Debug|Any CPU
		{5A9A0008-F6EC-4107-8F96-A38960FD6E9C}.Release|Any CPU.ActiveCfg = Release|Any CPU
		{5A9A0008-F6EC-4107-8F96-A38960FD6E9C}.Release|Any CPU.Build.0 = Release|Any CPU
		{34977972-6AD2-46FC-B536-710749BE40F4}.Debug|Any CPU.ActiveCfg = Debug|Any CPU
		{34977972-6AD2-46FC-B536-710749BE40F4}.Debug|Any CPU.Build.0 = Debug|Any CPU
		{34977972-6AD2-46FC-B536-710749BE40F4}.Release|Any CPU.ActiveCfg = Release|Any CPU
		{34977972-6AD2-46FC-B536-710749BE40F4}.Release|Any CPU.Build.0 = Release|Any CPU
		{B1FCAABB-8432-44FA-8E1C-4898767F0722}.Debug|Any CPU.ActiveCfg = Debug|Any CPU
		{B1FCAABB-8432-44FA-8E1C-4898767F0722}.Debug|Any CPU.Build.0 = Debug|Any CPU
		{B1FCAABB-8432-44FA-8E1C-4898767F0722}.Release|Any CPU.ActiveCfg = Release|Any CPU
		{B1FCAABB-8432-44FA-8E1C-4898767F0722}.Release|Any CPU.Build.0 = Release|Any CPU
		{32BD2340-D320-41AB-9676-77EA48948300}.Debug|Any CPU.ActiveCfg = Debug|Any CPU
		{32BD2340-D320-41AB-9676-77EA48948300}.Debug|Any CPU.Build.0 = Debug|Any CPU
		{32BD2340-D320-41AB-9676-77EA48948300}.Release|Any CPU.ActiveCfg = Release|Any CPU
		{32BD2340-D320-41AB-9676-77EA48948300}.Release|Any CPU.Build.0 = Release|Any CPU
		{0F429C65-A8B1-465E-8CD1-6FBCB67131D7}.Debug|Any CPU.ActiveCfg = Debug|Any CPU
		{0F429C65-A8B1-465E-8CD1-6FBCB67131D7}.Debug|Any CPU.Build.0 = Debug|Any CPU
		{0F429C65-A8B1-465E-8CD1-6FBCB67131D7}.Release|Any CPU.ActiveCfg = Release|Any CPU
		{0F429C65-A8B1-465E-8CD1-6FBCB67131D7}.Release|Any CPU.Build.0 = Release|Any CPU
		{37262214-E1D1-4D8E-A97D-AB56D56AD7F5}.Debug|Any CPU.ActiveCfg = Debug|Any CPU
		{37262214-E1D1-4D8E-A97D-AB56D56AD7F5}.Debug|Any CPU.Build.0 = Debug|Any CPU
		{37262214-E1D1-4D8E-A97D-AB56D56AD7F5}.Release|Any CPU.ActiveCfg = Release|Any CPU
		{37262214-E1D1-4D8E-A97D-AB56D56AD7F5}.Release|Any CPU.Build.0 = Release|Any CPU
		{8256303D-A6C2-453B-99B7-13A92FF51614}.Debug|Any CPU.ActiveCfg = Debug|Any CPU
		{8256303D-A6C2-453B-99B7-13A92FF51614}.Debug|Any CPU.Build.0 = Debug|Any CPU
		{8256303D-A6C2-453B-99B7-13A92FF51614}.Release|Any CPU.ActiveCfg = Release|Any CPU
		{8256303D-A6C2-453B-99B7-13A92FF51614}.Release|Any CPU.Build.0 = Release|Any CPU
		{6FA4F36A-0A43-4660-A131-13CF41742504}.Debug|Any CPU.ActiveCfg = Debug|Any CPU
		{6FA4F36A-0A43-4660-A131-13CF41742504}.Debug|Any CPU.Build.0 = Debug|Any CPU
		{6FA4F36A-0A43-4660-A131-13CF41742504}.Release|Any CPU.ActiveCfg = Release|Any CPU
		{6FA4F36A-0A43-4660-A131-13CF41742504}.Release|Any CPU.Build.0 = Release|Any CPU
		{89BAA671-97AB-46D7-B881-BCD583E60A8A}.Debug|Any CPU.ActiveCfg = Debug|Any CPU
		{89BAA671-97AB-46D7-B881-BCD583E60A8A}.Debug|Any CPU.Build.0 = Debug|Any CPU
		{89BAA671-97AB-46D7-B881-BCD583E60A8A}.Release|Any CPU.ActiveCfg = Release|Any CPU
		{89BAA671-97AB-46D7-B881-BCD583E60A8A}.Release|Any CPU.Build.0 = Release|Any CPU
		{F2E1E7D5-21D9-4471-914F-DB9EA9B143FA}.Debug|Any CPU.ActiveCfg = Debug|Any CPU
		{F2E1E7D5-21D9-4471-914F-DB9EA9B143FA}.Debug|Any CPU.Build.0 = Debug|Any CPU
		{F2E1E7D5-21D9-4471-914F-DB9EA9B143FA}.Release|Any CPU.ActiveCfg = Release|Any CPU
		{F2E1E7D5-21D9-4471-914F-DB9EA9B143FA}.Release|Any CPU.Build.0 = Release|Any CPU
		{42B070A1-3F5E-4F81-876A-A70F0F30954E}.Debug|Any CPU.ActiveCfg = Debug|Any CPU
		{42B070A1-3F5E-4F81-876A-A70F0F30954E}.Debug|Any CPU.Build.0 = Debug|Any CPU
		{42B070A1-3F5E-4F81-876A-A70F0F30954E}.Release|Any CPU.ActiveCfg = Release|Any CPU
		{42B070A1-3F5E-4F81-876A-A70F0F30954E}.Release|Any CPU.Build.0 = Release|Any CPU
		{A81987DB-9E08-4728-AAF6-C98332501962}.Debug|Any CPU.ActiveCfg = Debug|Any CPU
		{A81987DB-9E08-4728-AAF6-C98332501962}.Debug|Any CPU.Build.0 = Debug|Any CPU
		{A81987DB-9E08-4728-AAF6-C98332501962}.Release|Any CPU.ActiveCfg = Release|Any CPU
		{A81987DB-9E08-4728-AAF6-C98332501962}.Release|Any CPU.Build.0 = Release|Any CPU
		{AFE8BEC1-7B74-4FD0-B2C6-A2B55CBD9CCC}.Debug|Any CPU.ActiveCfg = Debug|Any CPU
		{AFE8BEC1-7B74-4FD0-B2C6-A2B55CBD9CCC}.Debug|Any CPU.Build.0 = Debug|Any CPU
		{AFE8BEC1-7B74-4FD0-B2C6-A2B55CBD9CCC}.Release|Any CPU.ActiveCfg = Release|Any CPU
		{AFE8BEC1-7B74-4FD0-B2C6-A2B55CBD9CCC}.Release|Any CPU.Build.0 = Release|Any CPU
		{029F9409-3C8D-47A5-9130-51E9F59AA703}.Debug|Any CPU.ActiveCfg = Debug|Any CPU
		{029F9409-3C8D-47A5-9130-51E9F59AA703}.Debug|Any CPU.Build.0 = Debug|Any CPU
		{029F9409-3C8D-47A5-9130-51E9F59AA703}.Release|Any CPU.ActiveCfg = Release|Any CPU
		{029F9409-3C8D-47A5-9130-51E9F59AA703}.Release|Any CPU.Build.0 = Release|Any CPU
		{3F4F3964-107C-47E0-8D61-8C3A4C58BF46}.Debug|Any CPU.ActiveCfg = Debug|Any CPU
		{3F4F3964-107C-47E0-8D61-8C3A4C58BF46}.Debug|Any CPU.Build.0 = Debug|Any CPU
		{3F4F3964-107C-47E0-8D61-8C3A4C58BF46}.Release|Any CPU.ActiveCfg = Release|Any CPU
		{3F4F3964-107C-47E0-8D61-8C3A4C58BF46}.Release|Any CPU.Build.0 = Release|Any CPU
	EndGlobalSection
	GlobalSection(SolutionProperties) = preSolution
		HideSolutionNode = FALSE
	EndGlobalSection
	GlobalSection(NestedProjects) = preSolution
		{FCD1AB6F-3262-4071-A7CA-DBDEDE97025C} = {B0314A75-4B67-42FD-B698-5C0257A18ED2}
		{9C0F8661-C90D-4236-8D54-7D60616C56A5} = {CD5C1534-4C6D-497D-B3DD-71974908B909}
		{7436B4CF-FBFD-4D01-A21E-BBC1FC5E1255} = {C103ECCB-5749-4970-9F68-4159E255492A}
		{6492E9DA-291F-4985-9383-0C8D61608178} = {A6CBCE31-0623-4772-BFEE-8A5242619F86}
		{55AC2D46-B12F-4190-8A55-950C66CCFB4C} = {A6CBCE31-0623-4772-BFEE-8A5242619F86}
		{E1EE6F03-1ACE-413D-A46E-3E676C940FD9} = {55AC2D46-B12F-4190-8A55-950C66CCFB4C}
		{65B0D26A-69FA-43A7-B8D4-C53F487730BF} = {D7935796-A022-45F2-BAE0-F12B958C7B42}
		{59D44261-E957-496E-991C-AF772A1E0B51} = {B0314A75-4B67-42FD-B698-5C0257A18ED2}
		{CD5C1534-4C6D-497D-B3DD-71974908B909} = {59D44261-E957-496E-991C-AF772A1E0B51}
		{D7935796-A022-45F2-BAE0-F12B958C7B42} = {CD5C1534-4C6D-497D-B3DD-71974908B909}
		{6F56E9B1-362E-4564-9F02-77F2348601C2} = {57809575-8E19-4A01-95D8-E3C451E65E4E}
		{0DBAF765-55C2-4DD9-BBE4-32F63C1FD2F3} = {59D44261-E957-496E-991C-AF772A1E0B51}
		{4E61B1F8-D052-412D-98D4-7160DADF2968} = {490CAE43-E10E-45FA-BDC1-7D8B6EAEE6DA}
		{5F3549EC-930F-493E-8EC8-403A9672F057} = {4E61B1F8-D052-412D-98D4-7160DADF2968}
		{7B15422E-64B4-4508-8D5A-B6BF3F4ED848} = {490CAE43-E10E-45FA-BDC1-7D8B6EAEE6DA}
		{C9F18FD0-B9CB-4D6C-B49F-7ECC52947C48} = {490CAE43-E10E-45FA-BDC1-7D8B6EAEE6DA}
		{793FD0A2-9EE7-429D-A0F3-E8692B72F7A4} = {C9F18FD0-B9CB-4D6C-B49F-7ECC52947C48}
		{9298AD9B-B8EF-4EF4-AC84-6AAC9AE9D331} = {C9F18FD0-B9CB-4D6C-B49F-7ECC52947C48}
		{BB4F7B29-24F1-4336-A3E8-0815FCD47763} = {490CAE43-E10E-45FA-BDC1-7D8B6EAEE6DA}
		{341B1A69-4DA8-4F89-A52B-C1AE3F6A9036} = {BB4F7B29-24F1-4336-A3E8-0815FCD47763}
		{1EDBAAAF-11F9-4C7C-93BF-CEADC6A00F6D} = {341B1A69-4DA8-4F89-A52B-C1AE3F6A9036}
		{72B05101-4E26-4A89-8785-09DE50D59703} = {1EDBAAAF-11F9-4C7C-93BF-CEADC6A00F6D}
		{A68695B6-D1B1-4372-BEED-6686EBC36B8C} = {72B05101-4E26-4A89-8785-09DE50D59703}
		{C934C587-5198-4B1C-8FFA-1F0BA611B57E} = {A68695B6-D1B1-4372-BEED-6686EBC36B8C}
		{2041897A-AD46-4796-8DE1-F4EC1B3E5B73} = {72B05101-4E26-4A89-8785-09DE50D59703}
		{96F887CC-8BD7-4541-82E2-9D1AD9889FF4} = {C9F18FD0-B9CB-4D6C-B49F-7ECC52947C48}
		{0FFB5FF5-41AB-4B7C-A570-37157D0D6BE4} = {4FAA0732-AE00-4A00-B29F-C396341A88E3}
		{F82449A4-91F9-4BA9-AC4C-1F01062A3824} = {40FD9795-FC2C-44D2-B7BE-6A20C9C26378}
		{D92D0B7C-E74E-432A-AB34-10F4CA7BE28A} = {16EE3FA6-0C76-4BE7-A026-DDB825B08757}
		{0C491341-804A-4AB6-8F87-32308B76D6D8} = {9E9ACF68-CE80-4653-B771-9BE76D81F075}
		{A58A6580-59E8-4829-87C0-33561B4FC183} = {C13506AD-E489-4170-AB00-BF194DF5F243}
		{F46DF909-1D17-4721-B042-44B15A361EF5} = {080F1261-664E-40B3-BAAB-9188B9366F15}
		{FA99E584-5B08-4768-BF78-E2C564AFF921} = {F46DF909-1D17-4721-B042-44B15A361EF5}
		{1CE96917-C7BE-45C1-8AB8-F954AE684BD2} = {FA99E584-5B08-4768-BF78-E2C564AFF921}
		{108681E6-F5F3-4232-905F-B3A80881FEBC} = {1CE96917-C7BE-45C1-8AB8-F954AE684BD2}
		{6F669C52-D9EE-4D77-BA6D-B6784119EE81} = {FA99E584-5B08-4768-BF78-E2C564AFF921}
		{C1E9740C-0D03-4C73-B3B1-4269B402F354} = {6F669C52-D9EE-4D77-BA6D-B6784119EE81}
		{8A9D5559-6A8C-4AC9-8414-6A85B262892D} = {C1E9740C-0D03-4C73-B3B1-4269B402F354}
		{AB3C4820-45E5-40FE-9F1B-B0CC240C4E82} = {8A9D5559-6A8C-4AC9-8414-6A85B262892D}
		{5365D56F-897A-4172-90C8-BB494406DB82} = {8A9D5559-6A8C-4AC9-8414-6A85B262892D}
		{625AB3A9-905B-4E0D-A25C-B3BF3D3BED9E} = {5365D56F-897A-4172-90C8-BB494406DB82}
		{9154B175-CF2F-4832-8658-EE9480034F4B} = {8A9D5559-6A8C-4AC9-8414-6A85B262892D}
		{3370B2F5-99B1-443F-9E6A-8B697C99C7DB} = {9154B175-CF2F-4832-8658-EE9480034F4B}
		{82FDDEBB-3578-4AD1-80A5-7E83B8CBD74F} = {F46DF909-1D17-4721-B042-44B15A361EF5}
		{D8AD38EF-1A92-461D-8D02-9112643C3B54} = {82FDDEBB-3578-4AD1-80A5-7E83B8CBD74F}
		{118544D6-D06D-4CD9-9A88-F8ECA6DCC77D} = {D8AD38EF-1A92-461D-8D02-9112643C3B54}
		{8CE49BA6-F6DD-44CB-AF94-A5560DB1C43F} = {118544D6-D06D-4CD9-9A88-F8ECA6DCC77D}
		{2C5A9EFD-7E75-404B-966E-5501FAF54DDB} = {82FDDEBB-3578-4AD1-80A5-7E83B8CBD74F}
		{C8A6BDBB-A878-4CFF-B781-39843C2649C4} = {2C5A9EFD-7E75-404B-966E-5501FAF54DDB}
		{A3CA68D1-3E2A-41C3-9CB1-6B55DF549150} = {C8A6BDBB-A878-4CFF-B781-39843C2649C4}
		{0DCE4A6A-573E-479C-8F9D-27AEB06A6261} = {D8AD38EF-1A92-461D-8D02-9112643C3B54}
		{4FABBB37-DFEF-4176-A4E1-4A2051837E97} = {0DCE4A6A-573E-479C-8F9D-27AEB06A6261}
		{041AE64D-9CD3-494A-99B6-0F8392CB1B54} = {D8AD38EF-1A92-461D-8D02-9112643C3B54}
		{67F78F0A-76E8-4C49-9DF8-954380BC7C05} = {C9F18FD0-B9CB-4D6C-B49F-7ECC52947C48}
		{29078DD9-CEB6-42E4-A8FA-7834341A79E4} = {67F78F0A-76E8-4C49-9DF8-954380BC7C05}
		{0BB37B28-FE99-4598-9A24-CE866A2366BE} = {C9F18FD0-B9CB-4D6C-B49F-7ECC52947C48}
		{E3C1F8B8-DA4D-489A-96D3-4B044FBA7C6D} = {EB27C394-72AB-4577-8890-F65F4FC0290D}
		{C103ECCB-5749-4970-9F68-4159E255492A} = {E3C1F8B8-DA4D-489A-96D3-4B044FBA7C6D}
		{E01A0C79-0AC2-4089-829A-FD6BF1ED49BB} = {C103ECCB-5749-4970-9F68-4159E255492A}
		{7051EC5E-1AF0-46EC-B529-C04916A88B3E} = {E3C1F8B8-DA4D-489A-96D3-4B044FBA7C6D}
		{BF511B2A-A342-4BDF-9C30-A10B3FBB24F9} = {7051EC5E-1AF0-46EC-B529-C04916A88B3E}
		{C13506AD-E489-4170-AB00-BF194DF5F243} = {BF511B2A-A342-4BDF-9C30-A10B3FBB24F9}
		{9E9ACF68-CE80-4653-B771-9BE76D81F075} = {C13506AD-E489-4170-AB00-BF194DF5F243}
		{ECD507DD-EA61-4041-B056-8C0C88F3D459} = {C103ECCB-5749-4970-9F68-4159E255492A}
		{3BB39504-5CE8-4045-8AAC-931C1DC8C158} = {ECD507DD-EA61-4041-B056-8C0C88F3D459}
		{1E6D408A-8354-4197-9744-3E0BDF147295} = {3BB39504-5CE8-4045-8AAC-931C1DC8C158}
		{DF282FB6-9753-417D-A25E-7928B9E01D04} = {3BB39504-5CE8-4045-8AAC-931C1DC8C158}
		{ABB9F0F5-9007-4A9C-9E1D-805110702957} = {DF282FB6-9753-417D-A25E-7928B9E01D04}
		{0A951380-5886-44C8-85AB-F29451AA9EBF} = {ABB9F0F5-9007-4A9C-9E1D-805110702957}
		{8C12FA0B-0005-4E5A-95DC-BC8AB14FB9D8} = {DF282FB6-9753-417D-A25E-7928B9E01D04}
		{16EE3FA6-0C76-4BE7-A026-DDB825B08757} = {ABB9F0F5-9007-4A9C-9E1D-805110702957}
		{40FD9795-FC2C-44D2-B7BE-6A20C9C26378} = {16EE3FA6-0C76-4BE7-A026-DDB825B08757}
		{4FAA0732-AE00-4A00-B29F-C396341A88E3} = {16EE3FA6-0C76-4BE7-A026-DDB825B08757}
		{ACB733B7-4316-47EF-8BB2-50BF911C4978} = {ABB9F0F5-9007-4A9C-9E1D-805110702957}
		{B2AA5EAC-AC1D-4596-8461-74111C9C2A9C} = {ACB733B7-4316-47EF-8BB2-50BF911C4978}
		{080F1261-664E-40B3-BAAB-9188B9366F15} = {490CAE43-E10E-45FA-BDC1-7D8B6EAEE6DA}
		{A2D26DBD-8DC9-4092-AE68-D753FB60B6D7} = {490CAE43-E10E-45FA-BDC1-7D8B6EAEE6DA}
		{F7A2AD97-1748-4B14-BFB0-2324C822E9EF} = {A2D26DBD-8DC9-4092-AE68-D753FB60B6D7}
		{BD9A2ED8-DAD5-457F-8993-72926DB6BA1D} = {F46DF909-1D17-4721-B042-44B15A361EF5}
		{2BE2DFE1-33B5-4DB9-8249-D6037AED711C} = {BD9A2ED8-DAD5-457F-8993-72926DB6BA1D}
		{DB8E5324-C093-471A-B1C9-F908D961409C} = {2BE2DFE1-33B5-4DB9-8249-D6037AED711C}
		{2B0A8A67-7AC9-47F8-AE42-3259C2CA2802} = {490CAE43-E10E-45FA-BDC1-7D8B6EAEE6DA}
		{C9B75EBB-687A-4248-833D-BEAB159D7F4C} = {2B0A8A67-7AC9-47F8-AE42-3259C2CA2802}
		{9C445140-AAF0-4E87-A054-D33B7DE1E032} = {490CAE43-E10E-45FA-BDC1-7D8B6EAEE6DA}
		{0011E70A-9592-4644-9705-D685B2AE7225} = {9C445140-AAF0-4E87-A054-D33B7DE1E032}
		{D5D2E669-756D-4D01-8B81-AE003945EA49} = {490CAE43-E10E-45FA-BDC1-7D8B6EAEE6DA}
		{5A9A0008-F6EC-4107-8F96-A38960FD6E9C} = {D5D2E669-756D-4D01-8B81-AE003945EA49}
		{BD8EAFF3-C8EA-49B4-9E8D-980EB7C7B3D9} = {67F78F0A-76E8-4C49-9DF8-954380BC7C05}
		{34977972-6AD2-46FC-B536-710749BE40F4} = {BD8EAFF3-C8EA-49B4-9E8D-980EB7C7B3D9}
		{B1FCAABB-8432-44FA-8E1C-4898767F0722} = {29078DD9-CEB6-42E4-A8FA-7834341A79E4}
		{32BD2340-D320-41AB-9676-77EA48948300} = {F7C0222B-6775-4AF1-8CF4-FF980CB7C14E}
		{0F429C65-A8B1-465E-8CD1-6FBCB67131D7} = {583448AB-F7B9-4FB5-B716-9870A23B6244}
		{F7C0222B-6775-4AF1-8CF4-FF980CB7C14E} = {29078DD9-CEB6-42E4-A8FA-7834341A79E4}
		{583448AB-F7B9-4FB5-B716-9870A23B6244} = {29078DD9-CEB6-42E4-A8FA-7834341A79E4}
		{193FAD93-DA41-4879-928A-5959ADBFDADA} = {C9F18FD0-B9CB-4D6C-B49F-7ECC52947C48}
		{37262214-E1D1-4D8E-A97D-AB56D56AD7F5} = {193FAD93-DA41-4879-928A-5959ADBFDADA}
		{8256303D-A6C2-453B-99B7-13A92FF51614} = {0BB37B28-FE99-4598-9A24-CE866A2366BE}
		{6FA4F36A-0A43-4660-A131-13CF41742504} = {583448AB-F7B9-4FB5-B716-9870A23B6244}
		{89BAA671-97AB-46D7-B881-BCD583E60A8A} = {F7C0222B-6775-4AF1-8CF4-FF980CB7C14E}
		{F2E1E7D5-21D9-4471-914F-DB9EA9B143FA} = {9298AD9B-B8EF-4EF4-AC84-6AAC9AE9D331}
		{42B070A1-3F5E-4F81-876A-A70F0F30954E} = {96F887CC-8BD7-4541-82E2-9D1AD9889FF4}
		{A81987DB-9E08-4728-AAF6-C98332501962} = {7B15422E-64B4-4508-8D5A-B6BF3F4ED848}
		{AFE8BEC1-7B74-4FD0-B2C6-A2B55CBD9CCC} = {793FD0A2-9EE7-429D-A0F3-E8692B72F7A4}
		{029F9409-3C8D-47A5-9130-51E9F59AA703} = {E01A0C79-0AC2-4089-829A-FD6BF1ED49BB}
		{3F4F3964-107C-47E0-8D61-8C3A4C58BF46} = {ECD507DD-EA61-4041-B056-8C0C88F3D459}
	EndGlobalSection
	GlobalSection(ExtensibilityGlobals) = postSolution
		SolutionGuid = {3B274C10-800E-4192-9335-FD8A9F658B46}
	EndGlobalSection
EndGlobal
